
Microsoft Visual Studio Solution File, Format Version 12.00
# Visual Studio Version 17
VisualStudioVersion = 17.8.34330.188
MinimumVisualStudioVersion = 10.0.40219.1
Project("{8BC9CEB8-8B4A-11D0-8D11-00A0C91BC942}") = "ConsoleLogonHook", "ConsoleLogonHook\ConsoleLogonHook.vcxproj", "{6CC17286-2FE3-4BCB-899B-76D1EACD3469}"
EndProject
Project("{8BC9CEB8-8B4A-11D0-8D11-00A0C91BC942}") = "ConsoleLogonUI", "ConsoleLogonUI\ConsoleLogonUI.vcxproj", "{E624C20F-A41A-4BC5-B312-257ED4AECFB9}"
	ProjectSection(ProjectDependencies) = postProject
		{0B7DE49A-33C6-41B1-A9CE-D353031F8454} = {0B7DE49A-33C6-41B1-A9CE-D353031F8454}
		{6CC17286-2FE3-4BCB-899B-76D1EACD3469} = {6CC17286-2FE3-4BCB-899B-76D1EACD3469}
	EndProjectSection
EndProject
Project("{8BC9CEB8-8B4A-11D0-8D11-00A0C91BC942}") = "DirectUI", "ConsoleLogonUI\dui\DirectUI\DirectUI.vcxproj", "{0B7DE49A-33C6-41B1-A9CE-D353031F8454}"
EndProject
Global
	GlobalSection(SolutionConfigurationPlatforms) = preSolution
		Debug|x64 = Debug|x64
		Debug|x86 = Debug|x86
		Release|x64 = Release|x64
		Release|x86 = Release|x86
	EndGlobalSection
	GlobalSection(ProjectConfigurationPlatforms) = postSolution
		{6CC17286-2FE3-4BCB-899B-76D1EACD3469}.Debug|x64.ActiveCfg = Debug|x64
		{6CC17286-2FE3-4BCB-899B-76D1EACD3469}.Debug|x64.Build.0 = Debug|x64
		{6CC17286-2FE3-4BCB-899B-76D1EACD3469}.Debug|x86.ActiveCfg = Debug|Win32
		{6CC17286-2FE3-4BCB-899B-76D1EACD3469}.Debug|x86.Build.0 = Debug|Win32
		{6CC17286-2FE3-4BCB-899B-76D1EACD3469}.Release|x64.ActiveCfg = Release|x64
		{6CC17286-2FE3-4BCB-899B-76D1EACD3469}.Release|x64.Build.0 = Release|x64
		{6CC17286-2FE3-4BCB-899B-76D1EACD3469}.Release|x86.ActiveCfg = Release|Win32
		{6CC17286-2FE3-4BCB-899B-76D1EACD3469}.Release|x86.Build.0 = Release|Win32
		{E624C20F-A41A-4BC5-B312-257ED4AECFB9}.Debug|x64.ActiveCfg = Debug|x64
		{E624C20F-A41A-4BC5-B312-257ED4AECFB9}.Debug|x64.Build.0 = Debug|x64
		{E624C20F-A41A-4BC5-B312-257ED4AECFB9}.Debug|x86.ActiveCfg = Debug|Win32
		{E624C20F-A41A-4BC5-B312-257ED4AECFB9}.Debug|x86.Build.0 = Debug|Win32
		{E624C20F-A41A-4BC5-B312-257ED4AECFB9}.Release|x64.ActiveCfg = Release|x64
		{E624C20F-A41A-4BC5-B312-257ED4AECFB9}.Release|x64.Build.0 = Release|x64
		{E624C20F-A41A-4BC5-B312-257ED4AECFB9}.Release|x86.ActiveCfg = Release|Win32
		{E624C20F-A41A-4BC5-B312-257ED4AECFB9}.Release|x86.Build.0 = Release|Win32
		{0B7DE49A-33C6-41B1-A9CE-D353031F8454}.Debug|x64.ActiveCfg = Debug|x64
		{0B7DE49A-33C6-41B1-A9CE-D353031F8454}.Debug|x64.Build.0 = Debug|x64
		{0B7DE49A-33C6-41B1-A9CE-D353031F8454}.Debug|x86.ActiveCfg = Debug|Win32
		{0B7DE49A-33C6-41B1-A9CE-D353031F8454}.Debug|x86.Build.0 = Debug|Win32
		{0B7DE49A-33C6-41B1-A9CE-D353031F8454}.Release|x64.ActiveCfg = Release|x64
		{0B7DE49A-33C6-41B1-A9CE-D353031F8454}.Release|x64.Build.0 = Release|x64
		{0B7DE49A-33C6-41B1-A9CE-D353031F8454}.Release|x86.ActiveCfg = Release|Win32
		{0B7DE49A-33C6-41B1-A9CE-D353031F8454}.Release|x86.Build.0 = Release|Win32
	EndGlobalSection
	GlobalSection(SolutionProperties) = preSolution
		HideSolutionNode = FALSE
	EndGlobalSection
	GlobalSection(ExtensibilityGlobals) = postSolution
		SolutionGuid = {32B218FB-3F77-4AC1-BEA1-A164F0BD406E}
	EndGlobalSection
EndGlobal
